
Microsoft Visual Studio Solution File, Format Version 12.00
# Visual Studio 14
VisualStudioVersion = 14.0.25420.1
MinimumVisualStudioVersion = 10.0.40219.1
Project("{00D1A9C2-B5F0-4AF3-8072-F6C62B433612}") = "soso", "soso\soso.sqlproj", "{FE1AE78A-1B03-4D53-A995-579BC22D5929}"
EndProject
Global
	GlobalSection(SolutionConfigurationPlatforms) = preSolution
		Debug|Any CPU = Debug|Any CPU
		Release|Any CPU = Release|Any CPU
	EndGlobalSection
	GlobalSection(ProjectConfigurationPlatforms) = postSolution
		{FE1AE78A-1B03-4D53-A995-579BC22D5929}.Debug|Any CPU.ActiveCfg = Debug|Any CPU
		{FE1AE78A-1B03-4D53-A995-579BC22D5929}.Debug|Any CPU.Build.0 = Debug|Any CPU
		{FE1AE78A-1B03-4D53-A995-579BC22D5929}.Debug|Any CPU.Deploy.0 = Debug|Any CPU
		{FE1AE78A-1B03-4D53-A995-579BC22D5929}.Release|Any CPU.ActiveCfg = Release|Any CPU
		{FE1AE78A-1B03-4D53-A995-579BC22D5929}.Release|Any CPU.Build.0 = Release|Any CPU
		{FE1AE78A-1B03-4D53-A995-579BC22D5929}.Release|Any CPU.Deploy.0 = Release|Any CPU
	EndGlobalSection
	GlobalSection(SolutionProperties) = preSolution
		HideSolutionNode = FALSE
	EndGlobalSection
EndGlobal
